{
  "name": "cloneohou.se-BE",
  "lockfileVersion": 3,
  "requires": true,
  "packages": {
    "": {
      "dependencies": {
        "op": "^0.0.6"
      }
    },
    "node_modules/op": {
      "version": "0.0.6",
      "resolved": "https://registry.npmjs.org/op/-/op-0.0.6.tgz",
      "integrity": "sha512-chLhlWlyM5By50N0qMvzc39OuzKoOgDH1afSv1L8ja91nlNPo1E+ony7E/TVFsR7AVrDckQ9Ip1gurk0W+772Q=="
    }
  }
}
